{
  "name": "exemple",
  "version": "1.0.0",
  "lockfileVersion": 3,
  "requires": true,
  "packages": {
    "": {
      "name": "exemple",
      "version": "1.0.0",
      "license": "ISC",
      "dependencies": {
        "utils-demo-package": "^1.0.5"
      }
    },
    "node_modules/utils-demo-package": {
      "version": "1.0.5",
      "resolved": "https://registry.npmjs.org/utils-demo-package/-/utils-demo-package-1.0.5.tgz",
      "integrity": "sha512-2XwNNpK6wZx4PZ3AOafcFAABp2wFbuZ2aFgN62b1Ht5XVkP8D94xKjjAfDE6Fl76FZDfVfgwHzocDSm0A6CzfA==",
      "engines": {
        "node": ">=20.0.0"
      }
    }
  }
}
